// !$*UTF8*$!
{
	archiveVersion = 1;
	classes = {
	};
	objectVersion = 46;
	objects = {

/* Begin PBXBuildFile section */
		618E025119473FAF0094BD1F /* Foundation.framework in Frameworks */ = {isa = PBXBuildFile; fileRef = 618E025019473FAF0094BD1F /* Foundation.framework */; };
		618E025319473FAF0094BD1F /* CoreGraphics.framework in Frameworks */ = {isa = PBXBuildFile; fileRef = 618E025219473FAF0094BD1F /* CoreGraphics.framework */; };
		618E025519473FAF0094BD1F /* UIKit.framework in Frameworks */ = {isa = PBXBuildFile; fileRef = 618E025419473FAF0094BD1F /* UIKit.framework */; };
		618E025B19473FAF0094BD1F /* InfoPlist.strings in Resources */ = {isa = PBXBuildFile; fileRef = 618E025919473FAF0094BD1F /* InfoPlist.strings */; };
		618E025D19473FAF0094BD1F /* main.m in Sources */ = {isa = PBXBuildFile; fileRef = 618E025C19473FAF0094BD1F /* main.m */; };
		618E026119473FAF0094BD1F /* AppDelegate.m in Sources */ = {isa = PBXBuildFile; fileRef = 618E026019473FAF0094BD1F /* AppDelegate.m */; };
		618E026419473FAF0094BD1F /* Main.storyboard in Resources */ = {isa = PBXBuildFile; fileRef = 618E026219473FAF0094BD1F /* Main.storyboard */; };
		618E026719473FAF0094BD1F /* ViewController.m in Sources */ = {isa = PBXBuildFile; fileRef = 618E026619473FAF0094BD1F /* ViewController.m */; };
		618E026919473FB00094BD1F /* Images.xcassets in Resources */ = {isa = PBXBuildFile; fileRef = 618E026819473FB00094BD1F /* Images.xcassets */; };
		618E027019473FB00094BD1F /* XCTest.framework in Frameworks */ = {isa = PBXBuildFile; fileRef = 618E026F19473FB00094BD1F /* XCTest.framework */; };
		618E027119473FB00094BD1F /* Foundation.framework in Frameworks */ = {isa = PBXBuildFile; fileRef = 618E025019473FAF0094BD1F /* Foundation.framework */; };
		618E027219473FB00094BD1F /* UIKit.framework in Frameworks */ = {isa = PBXBuildFile; fileRef = 618E025419473FAF0094BD1F /* UIKit.framework */; };
		618E027A19473FB00094BD1F /* InfoPlist.strings in Resources */ = {isa = PBXBuildFile; fileRef = 618E027819473FB00094BD1F /* InfoPlist.strings */; };
		618E027C19473FB00094BD1F /* Showcase_CRMTests.m in Sources */ = {isa = PBXBuildFile; fileRef = 618E027B19473FB00094BD1F /* Showcase_CRMTests.m */; };
/* End PBXBuildFile section */

/* Begin PBXContainerItemProxy section */
		618E027319473FB00094BD1F /* PBXContainerItemProxy */ = {
			isa = PBXContainerItemProxy;
			containerPortal = 618E024519473FAF0094BD1F /* Project object */;
			proxyType = 1;
			remoteGlobalIDString = 618E024C19473FAF0094BD1F;
			remoteInfo = Showcase_CRM;
		};
/* End PBXContainerItemProxy section */

/* Begin PBXFileReference section */
		618E024D19473FAF0094BD1F /* Showcase_CRM.app */ = {isa = PBXFileReference; explicitFileType = wrapper.application; includeInIndex = 0; path = Showcase_CRM.app; sourceTree = BUILT_PRODUCTS_DIR; };
		618E025019473FAF0094BD1F /* Foundation.framework */ = {isa = PBXFileReference; lastKnownFileType = wrapper.framework; name = Foundation.framework; path = System/Library/Frameworks/Foundation.framework; sourceTree = SDKROOT; };
		618E025219473FAF0094BD1F /* CoreGraphics.framework */ = {isa = PBXFileReference; lastKnownFileType = wrapper.framework; name = CoreGraphics.framework; path = System/Library/Frameworks/CoreGraphics.framework; sourceTree = SDKROOT; };
		618E025419473FAF0094BD1F /* UIKit.framework */ = {isa = PBXFileReference; lastKnownFileType = wrapper.framework; name = UIKit.framework; path = System/Library/Frameworks/UIKit.framework; sourceTree = SDKROOT; };
		618E025819473FAF0094BD1F /* Showcase_CRM-Info.plist */ = {isa = PBXFileReference; lastKnownFileType = text.plist.xml; path = "Showcase_CRM-Info.plist"; sourceTree = "<group>"; };
		618E025A19473FAF0094BD1F /* en */ = {isa = PBXFileReference; lastKnownFileType = text.plist.strings; name = en; path = en.lproj/InfoPlist.strings; sourceTree = "<group>"; };
		618E025C19473FAF0094BD1F /* main.m */ = {isa = PBXFileReference; lastKnownFileType = sourcecode.c.objc; path = main.m; sourceTree = "<group>"; };
		618E025E19473FAF0094BD1F /* Showcase_CRM-Prefix.pch */ = {isa = PBXFileReference; lastKnownFileType = sourcecode.c.h; path = "Showcase_CRM-Prefix.pch"; sourceTree = "<group>"; };
		618E025F19473FAF0094BD1F /* AppDelegate.h */ = {isa = PBXFileReference; lastKnownFileType = sourcecode.c.h; path = AppDelegate.h; sourceTree = "<group>"; };
		618E026019473FAF0094BD1F /* AppDelegate.m */ = {isa = PBXFileReference; lastKnownFileType = sourcecode.c.objc; path = AppDelegate.m; sourceTree = "<group>"; };
		618E026319473FAF0094BD1F /* Base */ = {isa = PBXFileReference; lastKnownFileType = file.storyboard; name = Base; path = Base.lproj/Main.storyboard; sourceTree = "<group>"; };
		618E026519473FAF0094BD1F /* ViewController.h */ = {isa = PBXFileReference; lastKnownFileType = sourcecode.c.h; path = ViewController.h; sourceTree = "<group>"; };
		618E026619473FAF0094BD1F /* ViewController.m */ = {isa = PBXFileReference; lastKnownFileType = sourcecode.c.objc; path = ViewController.m; sourceTree = "<group>"; };
		618E026819473FB00094BD1F /* Images.xcassets */ = {isa = PBXFileReference; lastKnownFileType = folder.assetcatalog; path = Images.xcassets; sourceTree = "<group>"; };
		618E026E19473FB00094BD1F /* Showcase_CRMTests.xctest */ = {isa = PBXFileReference; explicitFileType = wrapper.cfbundle; includeInIndex = 0; path = Showcase_CRMTests.xctest; sourceTree = BUILT_PRODUCTS_DIR; };
		618E026F19473FB00094BD1F /* XCTest.framework */ = {isa = PBXFileReference; lastKnownFileType = wrapper.framework; name = XCTest.framework; path = Library/Frameworks/XCTest.framework; sourceTree = DEVELOPER_DIR; };
		618E027719473FB00094BD1F /* Showcase_CRMTests-Info.plist */ = {isa = PBXFileReference; lastKnownFileType = text.plist.xml; path = "Showcase_CRMTests-Info.plist"; sourceTree = "<group>"; };
		618E027919473FB00094BD1F /* en */ = {isa = PBXFileReference; lastKnownFileType = text.plist.strings; name = en; path = en.lproj/InfoPlist.strings; sourceTree = "<group>"; };
		618E027B19473FB00094BD1F /* Showcase_CRMTests.m */ = {isa = PBXFileReference; lastKnownFileType = sourcecode.c.objc; path = Showcase_CRMTests.m; sourceTree = "<group>"; };
/* End PBXFileReference section */

/* Begin PBXFrameworksBuildPhase section */
		618E024A19473FAF0094BD1F /* Frameworks */ = {
			isa = PBXFrameworksBuildPhase;
			buildActionMask = 2147483647;
			files = (
				618E025319473FAF0094BD1F /* CoreGraphics.framework in Frameworks */,
				618E025519473FAF0094BD1F /* UIKit.framework in Frameworks */,
				618E025119473FAF0094BD1F /* Foundation.framework in Frameworks */,
			);
			runOnlyForDeploymentPostprocessing = 0;
		};
		618E026B19473FB00094BD1F /* Frameworks */ = {
			isa = PBXFrameworksBuildPhase;
			buildActionMask = 2147483647;
			files = (
				618E027019473FB00094BD1F /* XCTest.framework in Frameworks */,
				618E027219473FB00094BD1F /* UIKit.framework in Frameworks */,
				618E027119473FB00094BD1F /* Foundation.framework in Frameworks */,
			);
			runOnlyForDeploymentPostprocessing = 0;
		};
/* End PBXFrameworksBuildPhase section */

/* Begin PBXGroup section */
		618E024419473FAF0094BD1F = {
			isa = PBXGroup;
			children = (
				618E025619473FAF0094BD1F /* Showcase_CRM */,
				618E027519473FB00094BD1F /* Showcase_CRMTests */,
				618E024F19473FAF0094BD1F /* Frameworks */,
				618E024E19473FAF0094BD1F /* Products */,
			);
			sourceTree = "<group>";
		};
		618E024E19473FAF0094BD1F /* Products */ = {
			isa = PBXGroup;
			children = (
				618E024D19473FAF0094BD1F /* Showcase_CRM.app */,
				618E026E19473FB00094BD1F /* Showcase_CRMTests.xctest */,
			);
			name = Products;
			sourceTree = "<group>";
		};
		618E024F19473FAF0094BD1F /* Frameworks */ = {
			isa = PBXGroup;
			children = (
				618E025019473FAF0094BD1F /* Foundation.framework */,
				618E025219473FAF0094BD1F /* CoreGraphics.framework */,
				618E025419473FAF0094BD1F /* UIKit.framework */,
				618E026F19473FB00094BD1F /* XCTest.framework */,
			);
			name = Frameworks;
			sourceTree = "<group>";
		};
		618E025619473FAF0094BD1F /* Showcase_CRM */ = {
			isa = PBXGroup;
			children = (
				618E025F19473FAF0094BD1F /* AppDelegate.h */,
				618E026019473FAF0094BD1F /* AppDelegate.m */,
				618E026219473FAF0094BD1F /* Main.storyboard */,
				618E026519473FAF0094BD1F /* ViewController.h */,
				618E026619473FAF0094BD1F /* ViewController.m */,
				618E026819473FB00094BD1F /* Images.xcassets */,
				618E025719473FAF0094BD1F /* Supporting Files */,
			);
			path = Showcase_CRM;
			sourceTree = "<group>";
		};
		618E025719473FAF0094BD1F /* Supporting Files */ = {
			isa = PBXGroup;
			children = (
				618E025819473FAF0094BD1F /* Showcase_CRM-Info.plist */,
				618E025919473FAF0094BD1F /* InfoPlist.strings */,
				618E025C19473FAF0094BD1F /* main.m */,
				618E025E19473FAF0094BD1F /* Showcase_CRM-Prefix.pch */,
			);
			name = "Supporting Files";
			sourceTree = "<group>";
		};
		618E027519473FB00094BD1F /* Showcase_CRMTests */ = {
			isa = PBXGroup;
			children = (
				618E027B19473FB00094BD1F /* Showcase_CRMTests.m */,
				618E027619473FB00094BD1F /* Supporting Files */,
			);
			path = Showcase_CRMTests;
			sourceTree = "<group>";
		};
		618E027619473FB00094BD1F /* Supporting Files */ = {
			isa = PBXGroup;
			children = (
				618E027719473FB00094BD1F /* Showcase_CRMTests-Info.plist */,
				618E027819473FB00094BD1F /* InfoPlist.strings */,
			);
			name = "Supporting Files";
			sourceTree = "<group>";
		};
/* End PBXGroup section */

/* Begin PBXNativeTarget section */
		618E024C19473FAF0094BD1F /* Showcase_CRM */ = {
			isa = PBXNativeTarget;
			buildConfigurationList = 618E027F19473FB00094BD1F /* Build configuration list for PBXNativeTarget "Showcase_CRM" */;
			buildPhases = (
				618E024919473FAF0094BD1F /* Sources */,
				618E024A19473FAF0094BD1F /* Frameworks */,
				618E024B19473FAF0094BD1F /* Resources */,
			);
			buildRules = (
			);
			dependencies = (
			);
			name = Showcase_CRM;
			productName = Showcase_CRM;
			productReference = 618E024D19473FAF0094BD1F /* Showcase_CRM.app */;
			productType = "com.apple.product-type.application";
		};
		618E026D19473FB00094BD1F /* Showcase_CRMTests */ = {
			isa = PBXNativeTarget;
			buildConfigurationList = 618E028219473FB00094BD1F /* Build configuration list for PBXNativeTarget "Showcase_CRMTests" */;
			buildPhases = (
				618E026A19473FB00094BD1F /* Sources */,
				618E026B19473FB00094BD1F /* Frameworks */,
				618E026C19473FB00094BD1F /* Resources */,
			);
			buildRules = (
			);
			dependencies = (
				618E027419473FB00094BD1F /* PBXTargetDependency */,
			);
			name = Showcase_CRMTests;
			productName = Showcase_CRMTests;
			productReference = 618E026E19473FB00094BD1F /* Showcase_CRMTests.xctest */;
			productType = "com.apple.product-type.bundle.unit-test";
		};
/* End PBXNativeTarget section */

/* Begin PBXProject section */
		618E024519473FAF0094BD1F /* Project object */ = {
			isa = PBXProject;
			attributes = {
				LastUpgradeCheck = 0510;
				ORGANIZATIONNAME = "Linfeng Shi";
				TargetAttributes = {
					618E026D19473FB00094BD1F = {
						TestTargetID = 618E024C19473FAF0094BD1F;
					};
				};
			};
			buildConfigurationList = 618E024819473FAF0094BD1F /* Build configuration list for PBXProject "Showcase_CRM" */;
			compatibilityVersion = "Xcode 3.2";
			developmentRegion = English;
			hasScannedForEncodings = 0;
			knownRegions = (
				en,
				Base,
			);
			mainGroup = 618E024419473FAF0094BD1F;
			productRefGroup = 618E024E19473FAF0094BD1F /* Products */;
			projectDirPath = "";
			projectRoot = "";
			targets = (
				618E024C19473FAF0094BD1F /* Showcase_CRM */,
				618E026D19473FB00094BD1F /* Showcase_CRMTests */,
			);
		};
/* End PBXProject section */

/* Begin PBXResourcesBuildPhase section */
		618E024B19473FAF0094BD1F /* Resources */ = {
			isa = PBXResourcesBuildPhase;
			buildActionMask = 2147483647;
			files = (
				618E026919473FB00094BD1F /* Images.xcassets in Resources */,
				618E025B19473FAF0094BD1F /* InfoPlist.strings in Resources */,
				618E026419473FAF0094BD1F /* Main.storyboard in Resources */,
			);
			runOnlyForDeploymentPostprocessing = 0;
		};
		618E026C19473FB00094BD1F /* Resources */ = {
			isa = PBXResourcesBuildPhase;
			buildActionMask = 2147483647;
			files = (
				618E027A19473FB00094BD1F /* InfoPlist.strings in Resources */,
			);
			runOnlyForDeploymentPostprocessing = 0;
		};
/* End PBXResourcesBuildPhase section */

/* Begin PBXSourcesBuildPhase section */
		618E024919473FAF0094BD1F /* Sources */ = {
			isa = PBXSourcesBuildPhase;
			buildActionMask = 2147483647;
			files = (
				618E026719473FAF0094BD1F /* ViewController.m in Sources */,
				618E026119473FAF0094BD1F /* AppDelegate.m in Sources */,
				618E025D19473FAF0094BD1F /* main.m in Sources */,
			);
			runOnlyForDeploymentPostprocessing = 0;
		};
		618E026A19473FB00094BD1F /* Sources */ = {
			isa = PBXSourcesBuildPhase;
			buildActionMask = 2147483647;
			files = (
				618E027C19473FB00094BD1F /* Showcase_CRMTests.m in Sources */,
			);
			runOnlyForDeploymentPostprocessing = 0;
		};
/* End PBXSourcesBuildPhase section */

/* Begin PBXTargetDependency section */
		618E027419473FB00094BD1F /* PBXTargetDependency */ = {
			isa = PBXTargetDependency;
			target = 618E024C19473FAF0094BD1F /* Showcase_CRM */;
			targetProxy = 618E027319473FB00094BD1F /* PBXContainerItemProxy */;
		};
/* End PBXTargetDependency section */

/* Begin PBXVariantGroup section */
		618E025919473FAF0094BD1F /* InfoPlist.strings */ = {
			isa = PBXVariantGroup;
			children = (
				618E025A19473FAF0094BD1F /* en */,
			);
			name = InfoPlist.strings;
			sourceTree = "<group>";
		};
		618E026219473FAF0094BD1F /* Main.storyboard */ = {
			isa = PBXVariantGroup;
			children = (
				618E026319473FAF0094BD1F /* Base */,
			);
			name = Main.storyboard;
			sourceTree = "<group>";
		};
		618E027819473FB00094BD1F /* InfoPlist.strings */ = {
			isa = PBXVariantGroup;
			children = (
				618E027919473FB00094BD1F /* en */,
			);
			name = InfoPlist.strings;
			sourceTree = "<group>";
		};
/* End PBXVariantGroup section */

/* Begin XCBuildConfiguration section */
		618E027D19473FB00094BD1F /* Debug */ = {
			isa = XCBuildConfiguration;
			buildSettings = {
				ALWAYS_SEARCH_USER_PATHS = NO;
				CLANG_CXX_LANGUAGE_STANDARD = "gnu++0x";
				CLANG_CXX_LIBRARY = "libc++";
				CLANG_ENABLE_MODULES = YES;
				CLANG_ENABLE_OBJC_ARC = YES;
				CLANG_WARN_BOOL_CONVERSION = YES;
				CLANG_WARN_CONSTANT_CONVERSION = YES;
				CLANG_WARN_DIRECT_OBJC_ISA_USAGE = YES_ERROR;
				CLANG_WARN_EMPTY_BODY = YES;
				CLANG_WARN_ENUM_CONVERSION = YES;
				CLANG_WARN_INT_CONVERSION = YES;
				CLANG_WARN_OBJC_ROOT_CLASS = YES_ERROR;
				CLANG_WARN__DUPLICATE_METHOD_MATCH = YES;
				"CODE_SIGN_IDENTITY[sdk=iphoneos*]" = "iPhone Developer";
				COPY_PHASE_STRIP = NO;
				GCC_C_LANGUAGE_STANDARD = gnu99;
				GCC_DYNAMIC_NO_PIC = NO;
				GCC_OPTIMIZATION_LEVEL = 0;
				GCC_PREPROCESSOR_DEFINITIONS = (
					"DEBUG=1",
					"$(inherited)",
				);
				GCC_SYMBOLS_PRIVATE_EXTERN = NO;
				GCC_WARN_64_TO_32_BIT_CONVERSION = YES;
				GCC_WARN_ABOUT_RETURN_TYPE = YES_ERROR;
				GCC_WARN_UNDECLARED_SELECTOR = YES;
				GCC_WARN_UNINITIALIZED_AUTOS = YES_AGGRESSIVE;
				GCC_WARN_UNUSED_FUNCTION = YES;
				GCC_WARN_UNUSED_VARIABLE = YES;
				IPHONEOS_DEPLOYMENT_TARGET = 7.1;
				ONLY_ACTIVE_ARCH = YES;
				SDKROOT = iphoneos;
				TARGETED_DEVICE_FAMILY = 2;
			};
			name = Debug;
		};
		618E027E19473FB00094BD1F /* Release */ = {
			isa = XCBuildConfiguration;
			buildSettings = {
				ALWAYS_SEARCH_USER_PATHS = NO;
				CLANG_CXX_LANGUAGE_STANDARD = "gnu++0x";
				CLANG_CXX_LIBRARY = "libc++";
				CLANG_ENABLE_MODULES = YES;
				CLANG_ENABLE_OBJC_ARC = YES;
				CLANG_WARN_BOOL_CONVERSION = YES;
				CLANG_WARN_CONSTANT_CONVERSION = YES;
				CLANG_WARN_DIRECT_OBJC_ISA_USAGE = YES_ERROR;
				CLANG_WARN_EMPTY_BODY = YES;
				CLANG_WARN_ENUM_CONVERSION = YES;
				CLANG_WARN_INT_CONVERSION = YES;
				CLANG_WARN_OBJC_ROOT_CLASS = YES_ERROR;
				CLANG_WARN__DUPLICATE_METHOD_MATCH = YES;
				"CODE_SIGN_IDENTITY[sdk=iphoneos*]" = "iPhone Developer";
				COPY_PHASE_STRIP = YES;
				ENABLE_NS_ASSERTIONS = NO;
				GCC_C_LANGUAGE_STANDARD = gnu99;
				GCC_WARN_64_TO_32_BIT_CONVERSION = YES;
				GCC_WARN_ABOUT_RETURN_TYPE = YES_ERROR;
				GCC_WARN_UNDECLARED_SELECTOR = YES;
				GCC_WARN_UNINITIALIZED_AUTOS = YES_AGGRESSIVE;
				GCC_WARN_UNUSED_FUNCTION = YES;
				GCC_WARN_UNUSED_VARIABLE = YES;
				IPHONEOS_DEPLOYMENT_TARGET = 7.1;
				SDKROOT = iphoneos;
				TARGETED_DEVICE_FAMILY = 2;
				VALIDATE_PRODUCT = YES;
			};
			name = Release;
		};
		618E028019473FB00094BD1F /* Debug */ = {
			isa = XCBuildConfiguration;
			buildSettings = {
				ASSETCATALOG_COMPILER_APPICON_NAME = AppIcon;
				ASSETCATALOG_COMPILER_LAUNCHIMAGE_NAME = LaunchImage;
				GCC_PRECOMPILE_PREFIX_HEADER = YES;
				GCC_PREFIX_HEADER = "Showcase_CRM/Showcase_CRM-Prefix.pch";
				INFOPLIST_FILE = "Showcase_CRM/Showcase_CRM-Info.plist";
				PRODUCT_NAME = "$(TARGET_NAME)";
				WRAPPER_EXTENSION = app;
			};
			name = Debug;
		};
		618E028119473FB00094BD1F /* Release */ = {
			isa = XCBuildConfiguration;
			buildSettings = {
				ASSETCATALOG_COMPILER_APPICON_NAME = AppIcon;
				ASSETCATALOG_COMPILER_LAUNCHIMAGE_NAME = LaunchImage;
				GCC_PRECOMPILE_PREFIX_HEADER = YES;
				GCC_PREFIX_HEADER = "Showcase_CRM/Showcase_CRM-Prefix.pch";
				INFOPLIST_FILE = "Showcase_CRM/Showcase_CRM-Info.plist";
				PRODUCT_NAME = "$(TARGET_NAME)";
				WRAPPER_EXTENSION = app;
			};
			name = Release;
		};
		618E028319473FB00094BD1F /* Debug */ = {
			isa = XCBuildConfiguration;
			buildSettings = {
				BUNDLE_LOADER = "$(BUILT_PRODUCTS_DIR)/Showcase_CRM.app/Showcase_CRM";
				FRAMEWORK_SEARCH_PATHS = (
					"$(SDKROOT)/Developer/Library/Frameworks",
					"$(inherited)",
					"$(DEVELOPER_FRAMEWORKS_DIR)",
				);
				GCC_PRECOMPILE_PREFIX_HEADER = YES;
				GCC_PREFIX_HEADER = "Showcase_CRM/Showcase_CRM-Prefix.pch";
				GCC_PREPROCESSOR_DEFINITIONS = (
					"DEBUG=1",
					"$(inherited)",
				);
				INFOPLIST_FILE = "Showcase_CRMTests/Showcase_CRMTests-Info.plist";
				PRODUCT_NAME = "$(TARGET_NAME)";
				TEST_HOST = "$(BUNDLE_LOADER)";
				WRAPPER_EXTENSION = xctest;
			};
			name = Debug;
		};
		618E028419473FB00094BD1F /* Release */ = {
			isa = XCBuildConfiguration;
			buildSettings = {
				BUNDLE_LOADER = "$(BUILT_PRODUCTS_DIR)/Showcase_CRM.app/Showcase_CRM";
				FRAMEWORK_SEARCH_PATHS = (
					"$(SDKROOT)/Developer/Library/Frameworks",
					"$(inherited)",
					"$(DEVELOPER_FRAMEWORKS_DIR)",
				);
				GCC_PRECOMPILE_PREFIX_HEADER = YES;
				GCC_PREFIX_HEADER = "Showcase_CRM/Showcase_CRM-Prefix.pch";
				INFOPLIST_FILE = "Showcase_CRMTests/Showcase_CRMTests-Info.plist";
				PRODUCT_NAME = "$(TARGET_NAME)";
				TEST_HOST = "$(BUNDLE_LOADER)";
				WRAPPER_EXTENSION = xctest;
			};
			name = Release;
		};
/* End XCBuildConfiguration section */

/* Begin XCConfigurationList section */
		618E024819473FAF0094BD1F /* Build configuration list for PBXProject "Showcase_CRM" */ = {
			isa = XCConfigurationList;
			buildConfigurations = (
				618E027D19473FB00094BD1F /* Debug */,
				618E027E19473FB00094BD1F /* Release */,
			);
			defaultConfigurationIsVisible = 0;
			defaultConfigurationName = Release;
		};
		618E027F19473FB00094BD1F /* Build configuration list for PBXNativeTarget "Showcase_CRM" */ = {
			isa = XCConfigurationList;
			buildConfigurations = (
				618E028019473FB00094BD1F /* Debug */,
				618E028119473FB00094BD1F /* Release */,
			);
			defaultConfigurationIsVisible = 0;
		};
		618E028219473FB00094BD1F /* Build configuration list for PBXNativeTarget "Showcase_CRMTests" */ = {
			isa = XCConfigurationList;
			buildConfigurations = (
				618E028319473FB00094BD1F /* Debug */,
				618E028419473FB00094BD1F /* Release */,
			);
			defaultConfigurationIsVisible = 0;
		};
/* End XCConfigurationList section */
	};
	rootObject = 618E024519473FAF0094BD1F /* Project object */;
}
