// !$*UTF8*$!
{
	archiveVersion = 1;
	classes = {
	};
	objectVersion = 46;
	objects = {

/* Begin PBXBuildFile section */
		9DA24184194341B100B265DD /* Foundation.framework in Frameworks */ = {isa = PBXBuildFile; fileRef = 9DA24183194341B100B265DD /* Foundation.framework */; };
		9DA24186194341B100B265DD /* CoreGraphics.framework in Frameworks */ = {isa = PBXBuildFile; fileRef = 9DA24185194341B100B265DD /* CoreGraphics.framework */; };
		9DA24188194341B100B265DD /* UIKit.framework in Frameworks */ = {isa = PBXBuildFile; fileRef = 9DA24187194341B100B265DD /* UIKit.framework */; };
		9DA2418E194341B100B265DD /* InfoPlist.strings in Resources */ = {isa = PBXBuildFile; fileRef = 9DA2418C194341B100B265DD /* InfoPlist.strings */; };
		9DA24190194341B100B265DD /* main.m in Sources */ = {isa = PBXBuildFile; fileRef = 9DA2418F194341B100B265DD /* main.m */; };
		9DA24194194341B100B265DD /* AppDelegate.m in Sources */ = {isa = PBXBuildFile; fileRef = 9DA24193194341B100B265DD /* AppDelegate.m */; };
		9DA24197194341B100B265DD /* Main.storyboard in Resources */ = {isa = PBXBuildFile; fileRef = 9DA24195194341B100B265DD /* Main.storyboard */; };
		9DA2419A194341B100B265DD /* FirstViewController.m in Sources */ = {isa = PBXBuildFile; fileRef = 9DA24199194341B100B265DD /* FirstViewController.m */; };
		9DA2419D194341B100B265DD /* SecondViewController.m in Sources */ = {isa = PBXBuildFile; fileRef = 9DA2419C194341B100B265DD /* SecondViewController.m */; };
		9DA2419F194341B100B265DD /* Images.xcassets in Resources */ = {isa = PBXBuildFile; fileRef = 9DA2419E194341B100B265DD /* Images.xcassets */; };
		9DA241A6194341B100B265DD /* XCTest.framework in Frameworks */ = {isa = PBXBuildFile; fileRef = 9DA241A5194341B100B265DD /* XCTest.framework */; };
		9DA241A7194341B100B265DD /* Foundation.framework in Frameworks */ = {isa = PBXBuildFile; fileRef = 9DA24183194341B100B265DD /* Foundation.framework */; };
		9DA241A8194341B100B265DD /* UIKit.framework in Frameworks */ = {isa = PBXBuildFile; fileRef = 9DA24187194341B100B265DD /* UIKit.framework */; };
		9DA241B0194341B100B265DD /* InfoPlist.strings in Resources */ = {isa = PBXBuildFile; fileRef = 9DA241AE194341B100B265DD /* InfoPlist.strings */; };
		9DA241B2194341B100B265DD /* Showcase_CRMTests.m in Sources */ = {isa = PBXBuildFile; fileRef = 9DA241B1194341B100B265DD /* Showcase_CRMTests.m */; };
/* End PBXBuildFile section */

/* Begin PBXContainerItemProxy section */
		9DA241A9194341B100B265DD /* PBXContainerItemProxy */ = {
			isa = PBXContainerItemProxy;
			containerPortal = 9DA24178194341B100B265DD /* Project object */;
			proxyType = 1;
			remoteGlobalIDString = 9DA2417F194341B100B265DD;
			remoteInfo = Showcase_CRM;
		};
/* End PBXContainerItemProxy section */

/* Begin PBXFileReference section */
		9DA24180194341B100B265DD /* Showcase_CRM.app */ = {isa = PBXFileReference; explicitFileType = wrapper.application; includeInIndex = 0; path = Showcase_CRM.app; sourceTree = BUILT_PRODUCTS_DIR; };
		9DA24183194341B100B265DD /* Foundation.framework */ = {isa = PBXFileReference; lastKnownFileType = wrapper.framework; name = Foundation.framework; path = System/Library/Frameworks/Foundation.framework; sourceTree = SDKROOT; };
		9DA24185194341B100B265DD /* CoreGraphics.framework */ = {isa = PBXFileReference; lastKnownFileType = wrapper.framework; name = CoreGraphics.framework; path = System/Library/Frameworks/CoreGraphics.framework; sourceTree = SDKROOT; };
		9DA24187194341B100B265DD /* UIKit.framework */ = {isa = PBXFileReference; lastKnownFileType = wrapper.framework; name = UIKit.framework; path = System/Library/Frameworks/UIKit.framework; sourceTree = SDKROOT; };
		9DA2418B194341B100B265DD /* Showcase_CRM-Info.plist */ = {isa = PBXFileReference; lastKnownFileType = text.plist.xml; path = "Showcase_CRM-Info.plist"; sourceTree = "<group>"; };
		9DA2418D194341B100B265DD /* en */ = {isa = PBXFileReference; lastKnownFileType = text.plist.strings; name = en; path = en.lproj/InfoPlist.strings; sourceTree = "<group>"; };
		9DA2418F194341B100B265DD /* main.m */ = {isa = PBXFileReference; lastKnownFileType = sourcecode.c.objc; path = main.m; sourceTree = "<group>"; };
		9DA24191194341B100B265DD /* Showcase_CRM-Prefix.pch */ = {isa = PBXFileReference; lastKnownFileType = sourcecode.c.h; path = "Showcase_CRM-Prefix.pch"; sourceTree = "<group>"; };
		9DA24192194341B100B265DD /* AppDelegate.h */ = {isa = PBXFileReference; lastKnownFileType = sourcecode.c.h; path = AppDelegate.h; sourceTree = "<group>"; };
		9DA24193194341B100B265DD /* AppDelegate.m */ = {isa = PBXFileReference; lastKnownFileType = sourcecode.c.objc; path = AppDelegate.m; sourceTree = "<group>"; };
		9DA24196194341B100B265DD /* Base */ = {isa = PBXFileReference; lastKnownFileType = file.storyboard; name = Base; path = Base.lproj/Main.storyboard; sourceTree = "<group>"; };
		9DA24198194341B100B265DD /* FirstViewController.h */ = {isa = PBXFileReference; lastKnownFileType = sourcecode.c.h; path = FirstViewController.h; sourceTree = "<group>"; };
		9DA24199194341B100B265DD /* FirstViewController.m */ = {isa = PBXFileReference; lastKnownFileType = sourcecode.c.objc; path = FirstViewController.m; sourceTree = "<group>"; };
		9DA2419B194341B100B265DD /* SecondViewController.h */ = {isa = PBXFileReference; lastKnownFileType = sourcecode.c.h; path = SecondViewController.h; sourceTree = "<group>"; };
		9DA2419C194341B100B265DD /* SecondViewController.m */ = {isa = PBXFileReference; lastKnownFileType = sourcecode.c.objc; path = SecondViewController.m; sourceTree = "<group>"; };
		9DA2419E194341B100B265DD /* Images.xcassets */ = {isa = PBXFileReference; lastKnownFileType = folder.assetcatalog; path = Images.xcassets; sourceTree = "<group>"; };
		9DA241A4194341B100B265DD /* Showcase_CRMTests.xctest */ = {isa = PBXFileReference; explicitFileType = wrapper.cfbundle; includeInIndex = 0; path = Showcase_CRMTests.xctest; sourceTree = BUILT_PRODUCTS_DIR; };
		9DA241A5194341B100B265DD /* XCTest.framework */ = {isa = PBXFileReference; lastKnownFileType = wrapper.framework; name = XCTest.framework; path = Library/Frameworks/XCTest.framework; sourceTree = DEVELOPER_DIR; };
		9DA241AD194341B100B265DD /* Showcase_CRMTests-Info.plist */ = {isa = PBXFileReference; lastKnownFileType = text.plist.xml; path = "Showcase_CRMTests-Info.plist"; sourceTree = "<group>"; };
		9DA241AF194341B100B265DD /* en */ = {isa = PBXFileReference; lastKnownFileType = text.plist.strings; name = en; path = en.lproj/InfoPlist.strings; sourceTree = "<group>"; };
		9DA241B1194341B100B265DD /* Showcase_CRMTests.m */ = {isa = PBXFileReference; lastKnownFileType = sourcecode.c.objc; path = Showcase_CRMTests.m; sourceTree = "<group>"; };
/* End PBXFileReference section */

/* Begin PBXFrameworksBuildPhase section */
		9DA2417D194341B100B265DD /* Frameworks */ = {
			isa = PBXFrameworksBuildPhase;
			buildActionMask = 2147483647;
			files = (
				9DA24186194341B100B265DD /* CoreGraphics.framework in Frameworks */,
				9DA24188194341B100B265DD /* UIKit.framework in Frameworks */,
				9DA24184194341B100B265DD /* Foundation.framework in Frameworks */,
			);
			runOnlyForDeploymentPostprocessing = 0;
		};
		9DA241A1194341B100B265DD /* Frameworks */ = {
			isa = PBXFrameworksBuildPhase;
			buildActionMask = 2147483647;
			files = (
				9DA241A6194341B100B265DD /* XCTest.framework in Frameworks */,
				9DA241A8194341B100B265DD /* UIKit.framework in Frameworks */,
				9DA241A7194341B100B265DD /* Foundation.framework in Frameworks */,
			);
			runOnlyForDeploymentPostprocessing = 0;
		};
/* End PBXFrameworksBuildPhase section */

/* Begin PBXGroup section */
		9DA24177194341B100B265DD = {
			isa = PBXGroup;
			children = (
				9DA24189194341B100B265DD /* Showcase_CRM */,
				9DA241AB194341B100B265DD /* Showcase_CRMTests */,
				9DA24182194341B100B265DD /* Frameworks */,
				9DA24181194341B100B265DD /* Products */,
			);
			sourceTree = "<group>";
		};
		9DA24181194341B100B265DD /* Products */ = {
			isa = PBXGroup;
			children = (
				9DA24180194341B100B265DD /* Showcase_CRM.app */,
				9DA241A4194341B100B265DD /* Showcase_CRMTests.xctest */,
			);
			name = Products;
			sourceTree = "<group>";
		};
		9DA24182194341B100B265DD /* Frameworks */ = {
			isa = PBXGroup;
			children = (
				9DA24183194341B100B265DD /* Foundation.framework */,
				9DA24185194341B100B265DD /* CoreGraphics.framework */,
				9DA24187194341B100B265DD /* UIKit.framework */,
				9DA241A5194341B100B265DD /* XCTest.framework */,
			);
			name = Frameworks;
			sourceTree = "<group>";
		};
		9DA24189194341B100B265DD /* Showcase_CRM */ = {
			isa = PBXGroup;
			children = (
				9DA24192194341B100B265DD /* AppDelegate.h */,
				9DA24193194341B100B265DD /* AppDelegate.m */,
				9DA24195194341B100B265DD /* Main.storyboard */,
				9DA24198194341B100B265DD /* FirstViewController.h */,
				9DA24199194341B100B265DD /* FirstViewController.m */,
				9DA2419B194341B100B265DD /* SecondViewController.h */,
				9DA2419C194341B100B265DD /* SecondViewController.m */,
				9DA2419E194341B100B265DD /* Images.xcassets */,
				9DA2418A194341B100B265DD /* Supporting Files */,
			);
			path = Showcase_CRM;
			sourceTree = "<group>";
		};
		9DA2418A194341B100B265DD /* Supporting Files */ = {
			isa = PBXGroup;
			children = (
				9DA2418B194341B100B265DD /* Showcase_CRM-Info.plist */,
				9DA2418C194341B100B265DD /* InfoPlist.strings */,
				9DA2418F194341B100B265DD /* main.m */,
				9DA24191194341B100B265DD /* Showcase_CRM-Prefix.pch */,
			);
			name = "Supporting Files";
			sourceTree = "<group>";
		};
		9DA241AB194341B100B265DD /* Showcase_CRMTests */ = {
			isa = PBXGroup;
			children = (
				9DA241B1194341B100B265DD /* Showcase_CRMTests.m */,
				9DA241AC194341B100B265DD /* Supporting Files */,
			);
			path = Showcase_CRMTests;
			sourceTree = "<group>";
		};
		9DA241AC194341B100B265DD /* Supporting Files */ = {
			isa = PBXGroup;
			children = (
				9DA241AD194341B100B265DD /* Showcase_CRMTests-Info.plist */,
				9DA241AE194341B100B265DD /* InfoPlist.strings */,
			);
			name = "Supporting Files";
			sourceTree = "<group>";
		};
/* End PBXGroup section */

/* Begin PBXNativeTarget section */
		9DA2417F194341B100B265DD /* Showcase_CRM */ = {
			isa = PBXNativeTarget;
			buildConfigurationList = 9DA241B5194341B100B265DD /* Build configuration list for PBXNativeTarget "Showcase_CRM" */;
			buildPhases = (
				9DA2417C194341B100B265DD /* Sources */,
				9DA2417D194341B100B265DD /* Frameworks */,
				9DA2417E194341B100B265DD /* Resources */,
			);
			buildRules = (
			);
			dependencies = (
			);
			name = Showcase_CRM;
			productName = Showcase_CRM;
			productReference = 9DA24180194341B100B265DD /* Showcase_CRM.app */;
			productType = "com.apple.product-type.application";
		};
		9DA241A3194341B100B265DD /* Showcase_CRMTests */ = {
			isa = PBXNativeTarget;
			buildConfigurationList = 9DA241B8194341B100B265DD /* Build configuration list for PBXNativeTarget "Showcase_CRMTests" */;
			buildPhases = (
				9DA241A0194341B100B265DD /* Sources */,
				9DA241A1194341B100B265DD /* Frameworks */,
				9DA241A2194341B100B265DD /* Resources */,
			);
			buildRules = (
			);
			dependencies = (
				9DA241AA194341B100B265DD /* PBXTargetDependency */,
			);
			name = Showcase_CRMTests;
			productName = Showcase_CRMTests;
			productReference = 9DA241A4194341B100B265DD /* Showcase_CRMTests.xctest */;
			productType = "com.apple.product-type.bundle.unit-test";
		};
/* End PBXNativeTarget section */

/* Begin PBXProject section */
		9DA24178194341B100B265DD /* Project object */ = {
			isa = PBXProject;
			attributes = {
				LastUpgradeCheck = 0510;
				ORGANIZATIONNAME = LogicSolutions;
				TargetAttributes = {
					9DA241A3194341B100B265DD = {
						TestTargetID = 9DA2417F194341B100B265DD;
					};
				};
			};
			buildConfigurationList = 9DA2417B194341B100B265DD /* Build configuration list for PBXProject "Showcase_CRM" */;
			compatibilityVersion = "Xcode 3.2";
			developmentRegion = English;
			hasScannedForEncodings = 0;
			knownRegions = (
				en,
				Base,
			);
			mainGroup = 9DA24177194341B100B265DD;
			productRefGroup = 9DA24181194341B100B265DD /* Products */;
			projectDirPath = "";
			projectRoot = "";
			targets = (
				9DA2417F194341B100B265DD /* Showcase_CRM */,
				9DA241A3194341B100B265DD /* Showcase_CRMTests */,
			);
		};
/* End PBXProject section */

/* Begin PBXResourcesBuildPhase section */
		9DA2417E194341B100B265DD /* Resources */ = {
			isa = PBXResourcesBuildPhase;
			buildActionMask = 2147483647;
			files = (
				9DA2419F194341B100B265DD /* Images.xcassets in Resources */,
				9DA2418E194341B100B265DD /* InfoPlist.strings in Resources */,
				9DA24197194341B100B265DD /* Main.storyboard in Resources */,
			);
			runOnlyForDeploymentPostprocessing = 0;
		};
		9DA241A2194341B100B265DD /* Resources */ = {
			isa = PBXResourcesBuildPhase;
			buildActionMask = 2147483647;
			files = (
				9DA241B0194341B100B265DD /* InfoPlist.strings in Resources */,
			);
			runOnlyForDeploymentPostprocessing = 0;
		};
/* End PBXResourcesBuildPhase section */

/* Begin PBXSourcesBuildPhase section */
		9DA2417C194341B100B265DD /* Sources */ = {
			isa = PBXSourcesBuildPhase;
			buildActionMask = 2147483647;
			files = (
				9DA2419D194341B100B265DD /* SecondViewController.m in Sources */,
				9DA24194194341B100B265DD /* AppDelegate.m in Sources */,
				9DA2419A194341B100B265DD /* FirstViewController.m in Sources */,
				9DA24190194341B100B265DD /* main.m in Sources */,
			);
			runOnlyForDeploymentPostprocessing = 0;
		};
		9DA241A0194341B100B265DD /* Sources */ = {
			isa = PBXSourcesBuildPhase;
			buildActionMask = 2147483647;
			files = (
				9DA241B2194341B100B265DD /* Showcase_CRMTests.m in Sources */,
			);
			runOnlyForDeploymentPostprocessing = 0;
		};
/* End PBXSourcesBuildPhase section */

/* Begin PBXTargetDependency section */
		9DA241AA194341B100B265DD /* PBXTargetDependency */ = {
			isa = PBXTargetDependency;
			target = 9DA2417F194341B100B265DD /* Showcase_CRM */;
			targetProxy = 9DA241A9194341B100B265DD /* PBXContainerItemProxy */;
		};
/* End PBXTargetDependency section */

/* Begin PBXVariantGroup section */
		9DA2418C194341B100B265DD /* InfoPlist.strings */ = {
			isa = PBXVariantGroup;
			children = (
				9DA2418D194341B100B265DD /* en */,
			);
			name = InfoPlist.strings;
			sourceTree = "<group>";
		};
		9DA24195194341B100B265DD /* Main.storyboard */ = {
			isa = PBXVariantGroup;
			children = (
				9DA24196194341B100B265DD /* Base */,
			);
			name = Main.storyboard;
			sourceTree = "<group>";
		};
		9DA241AE194341B100B265DD /* InfoPlist.strings */ = {
			isa = PBXVariantGroup;
			children = (
				9DA241AF194341B100B265DD /* en */,
			);
			name = InfoPlist.strings;
			sourceTree = "<group>";
		};
/* End PBXVariantGroup section */

/* Begin XCBuildConfiguration section */
		9DA241B3194341B100B265DD /* Debug */ = {
			isa = XCBuildConfiguration;
			buildSettings = {
				ALWAYS_SEARCH_USER_PATHS = NO;
				CLANG_CXX_LANGUAGE_STANDARD = "gnu++0x";
				CLANG_CXX_LIBRARY = "libc++";
				CLANG_ENABLE_MODULES = YES;
				CLANG_ENABLE_OBJC_ARC = YES;
				CLANG_WARN_BOOL_CONVERSION = YES;
				CLANG_WARN_CONSTANT_CONVERSION = YES;
				CLANG_WARN_DIRECT_OBJC_ISA_USAGE = YES_ERROR;
				CLANG_WARN_EMPTY_BODY = YES;
				CLANG_WARN_ENUM_CONVERSION = YES;
				CLANG_WARN_INT_CONVERSION = YES;
				CLANG_WARN_OBJC_ROOT_CLASS = YES_ERROR;
				CLANG_WARN__DUPLICATE_METHOD_MATCH = YES;
				"CODE_SIGN_IDENTITY[sdk=iphoneos*]" = "iPhone Developer";
				COPY_PHASE_STRIP = NO;
				GCC_C_LANGUAGE_STANDARD = gnu99;
				GCC_DYNAMIC_NO_PIC = NO;
				GCC_OPTIMIZATION_LEVEL = 0;
				GCC_PREPROCESSOR_DEFINITIONS = (
					"DEBUG=1",
					"$(inherited)",
				);
				GCC_SYMBOLS_PRIVATE_EXTERN = NO;
				GCC_WARN_64_TO_32_BIT_CONVERSION = YES;
				GCC_WARN_ABOUT_RETURN_TYPE = YES_ERROR;
				GCC_WARN_UNDECLARED_SELECTOR = YES;
				GCC_WARN_UNINITIALIZED_AUTOS = YES_AGGRESSIVE;
				GCC_WARN_UNUSED_FUNCTION = YES;
				GCC_WARN_UNUSED_VARIABLE = YES;
				IPHONEOS_DEPLOYMENT_TARGET = 7.1;
				ONLY_ACTIVE_ARCH = YES;
				SDKROOT = iphoneos;
				TARGETED_DEVICE_FAMILY = 2;
			};
			name = Debug;
		};
		9DA241B4194341B100B265DD /* Release */ = {
			isa = XCBuildConfiguration;
			buildSettings = {
				ALWAYS_SEARCH_USER_PATHS = NO;
				CLANG_CXX_LANGUAGE_STANDARD = "gnu++0x";
				CLANG_CXX_LIBRARY = "libc++";
				CLANG_ENABLE_MODULES = YES;
				CLANG_ENABLE_OBJC_ARC = YES;
				CLANG_WARN_BOOL_CONVERSION = YES;
				CLANG_WARN_CONSTANT_CONVERSION = YES;
				CLANG_WARN_DIRECT_OBJC_ISA_USAGE = YES_ERROR;
				CLANG_WARN_EMPTY_BODY = YES;
				CLANG_WARN_ENUM_CONVERSION = YES;
				CLANG_WARN_INT_CONVERSION = YES;
				CLANG_WARN_OBJC_ROOT_CLASS = YES_ERROR;
				CLANG_WARN__DUPLICATE_METHOD_MATCH = YES;
				"CODE_SIGN_IDENTITY[sdk=iphoneos*]" = "iPhone Developer";
				COPY_PHASE_STRIP = YES;
				ENABLE_NS_ASSERTIONS = NO;
				GCC_C_LANGUAGE_STANDARD = gnu99;
				GCC_WARN_64_TO_32_BIT_CONVERSION = YES;
				GCC_WARN_ABOUT_RETURN_TYPE = YES_ERROR;
				GCC_WARN_UNDECLARED_SELECTOR = YES;
				GCC_WARN_UNINITIALIZED_AUTOS = YES_AGGRESSIVE;
				GCC_WARN_UNUSED_FUNCTION = YES;
				GCC_WARN_UNUSED_VARIABLE = YES;
				IPHONEOS_DEPLOYMENT_TARGET = 7.1;
				SDKROOT = iphoneos;
				TARGETED_DEVICE_FAMILY = 2;
				VALIDATE_PRODUCT = YES;
			};
			name = Release;
		};
		9DA241B6194341B100B265DD /* Debug */ = {
			isa = XCBuildConfiguration;
			buildSettings = {
				ASSETCATALOG_COMPILER_APPICON_NAME = AppIcon;
				ASSETCATALOG_COMPILER_LAUNCHIMAGE_NAME = LaunchImage;
				GCC_PRECOMPILE_PREFIX_HEADER = YES;
				GCC_PREFIX_HEADER = "Showcase_CRM/Showcase_CRM-Prefix.pch";
				INFOPLIST_FILE = "Showcase_CRM/Showcase_CRM-Info.plist";
				PRODUCT_NAME = "$(TARGET_NAME)";
				WRAPPER_EXTENSION = app;
			};
			name = Debug;
		};
		9DA241B7194341B100B265DD /* Release */ = {
			isa = XCBuildConfiguration;
			buildSettings = {
				ASSETCATALOG_COMPILER_APPICON_NAME = AppIcon;
				ASSETCATALOG_COMPILER_LAUNCHIMAGE_NAME = LaunchImage;
				GCC_PRECOMPILE_PREFIX_HEADER = YES;
				GCC_PREFIX_HEADER = "Showcase_CRM/Showcase_CRM-Prefix.pch";
				INFOPLIST_FILE = "Showcase_CRM/Showcase_CRM-Info.plist";
				PRODUCT_NAME = "$(TARGET_NAME)";
				WRAPPER_EXTENSION = app;
			};
			name = Release;
		};
		9DA241B9194341B100B265DD /* Debug */ = {
			isa = XCBuildConfiguration;
			buildSettings = {
				BUNDLE_LOADER = "$(BUILT_PRODUCTS_DIR)/Showcase_CRM.app/Showcase_CRM";
				FRAMEWORK_SEARCH_PATHS = (
					"$(SDKROOT)/Developer/Library/Frameworks",
					"$(inherited)",
					"$(DEVELOPER_FRAMEWORKS_DIR)",
				);
				GCC_PRECOMPILE_PREFIX_HEADER = YES;
				GCC_PREFIX_HEADER = "Showcase_CRM/Showcase_CRM-Prefix.pch";
				GCC_PREPROCESSOR_DEFINITIONS = (
					"DEBUG=1",
					"$(inherited)",
				);
				INFOPLIST_FILE = "Showcase_CRMTests/Showcase_CRMTests-Info.plist";
				PRODUCT_NAME = "$(TARGET_NAME)";
				TEST_HOST = "$(BUNDLE_LOADER)";
				WRAPPER_EXTENSION = xctest;
			};
			name = Debug;
		};
		9DA241BA194341B100B265DD /* Release */ = {
			isa = XCBuildConfiguration;
			buildSettings = {
				BUNDLE_LOADER = "$(BUILT_PRODUCTS_DIR)/Showcase_CRM.app/Showcase_CRM";
				FRAMEWORK_SEARCH_PATHS = (
					"$(SDKROOT)/Developer/Library/Frameworks",
					"$(inherited)",
					"$(DEVELOPER_FRAMEWORKS_DIR)",
				);
				GCC_PRECOMPILE_PREFIX_HEADER = YES;
				GCC_PREFIX_HEADER = "Showcase_CRM/Showcase_CRM-Prefix.pch";
				INFOPLIST_FILE = "Showcase_CRMTests/Showcase_CRMTests-Info.plist";
				PRODUCT_NAME = "$(TARGET_NAME)";
				TEST_HOST = "$(BUNDLE_LOADER)";
				WRAPPER_EXTENSION = xctest;
			};
			name = Release;
		};
/* End XCBuildConfiguration section */

/* Begin XCConfigurationList section */
		9DA2417B194341B100B265DD /* Build configuration list for PBXProject "Showcase_CRM" */ = {
			isa = XCConfigurationList;
			buildConfigurations = (
				9DA241B3194341B100B265DD /* Debug */,
				9DA241B4194341B100B265DD /* Release */,
			);
			defaultConfigurationIsVisible = 0;
			defaultConfigurationName = Release;
		};
		9DA241B5194341B100B265DD /* Build configuration list for PBXNativeTarget "Showcase_CRM" */ = {
			isa = XCConfigurationList;
			buildConfigurations = (
				9DA241B6194341B100B265DD /* Debug */,
				9DA241B7194341B100B265DD /* Release */,
			);
			defaultConfigurationIsVisible = 0;
		};
		9DA241B8194341B100B265DD /* Build configuration list for PBXNativeTarget "Showcase_CRMTests" */ = {
			isa = XCConfigurationList;
			buildConfigurations = (
				9DA241B9194341B100B265DD /* Debug */,
				9DA241BA194341B100B265DD /* Release */,
			);
			defaultConfigurationIsVisible = 0;
		};
/* End XCConfigurationList section */
	};
	rootObject = 9DA24178194341B100B265DD /* Project object */;
}
